{
  "name": "energy",
  "version": "1.0.0",
  "lockfileVersion": 3,
  "requires": true,
  "packages": {
    "": {
      "name": "energy",
      "version": "1.0.0",
      "license": "ISC",
      "dependencies": {
        "tdesign-miniprogram": "^1.9.4"
      }
    },
    "node_modules/tdesign-miniprogram": {
      "version": "1.9.4",
      "resolved": "https://registry.npmjs.org/tdesign-miniprogram/-/tdesign-miniprogram-1.9.4.tgz",
      "integrity": "sha512-dc/V53tTmmrHGzrXclBK56h06nq3vo7GQgBTgiVtlAU5Mp/R/a50axswUKf7W3311rKb8Cuj3F3c45kmkBVPRQ=="
    }
  }
}
